
Microsoft Visual Studio Solution File, Format Version 12.00
# Visual Studio Version 17
VisualStudioVersion = 17.9.34902.65
MinimumVisualStudioVersion = 10.0.40219.1
Project("{9A19103F-16F7-4668-BE54-9A1E7A4F7556}") = "Acadenote.Web", "Acadenote.Web\Acadenote.Web.csproj", "{D0161786-A2A6-4FE2-B942-2DC7AE3EC690}"
EndProject
Global
	GlobalSection(SolutionConfigurationPlatforms) = preSolution
		Debug|Any CPU = Debug|Any CPU
		Release|Any CPU = Release|Any CPU
	EndGlobalSection
	GlobalSection(ProjectConfigurationPlatforms) = postSolution
		{D0161786-A2A6-4FE2-B942-2DC7AE3EC690}.Debug|Any CPU.ActiveCfg = Debug|Any CPU
		{D0161786-A2A6-4FE2-B942-2DC7AE3EC690}.Debug|Any CPU.Build.0 = Debug|Any CPU
		{D0161786-A2A6-4FE2-B942-2DC7AE3EC690}.Release|Any CPU.ActiveCfg = Release|Any CPU
		{D0161786-A2A6-4FE2-B942-2DC7AE3EC690}.Release|Any CPU.Build.0 = Release|Any CPU
	EndGlobalSection
	GlobalSection(SolutionProperties) = preSolution
		HideSolutionNode = FALSE
	EndGlobalSection
	GlobalSection(ExtensibilityGlobals) = postSolution
		SolutionGuid = {DD9DD463-EAC2-4E84-B6E5-71EB88770AAF}
	EndGlobalSection
EndGlobal
